<?xml version="1.0" encoding="utf-8"?>
<Project ToolsVersion="4.0" xmlns="http://schemas.microsoft.com/developer/msbuild/2003">
  <ItemGroup>
    <ClCompile Include="..\..\src\api\api.cpp" />
    <ClCompile Include="..\..\src\kernel\dir.cpp" />
    <ClCompile Include="..\..\src\kernel\filesystems.cpp" />
    <ClCompile Include="..\..\src\kernel\handles.cpp" />
    <ClCompile Include="..\..\src\kernel\io.cpp" />
    <ClCompile Include="..\..\src\kernel\kernel.cpp" />
    <ClCompile Include="..\..\src\kernel\fat12fs.cpp" />
    <ClCompile Include="..\..\src\kernel\fsutils.cpp" />
    <ClCompile Include="..\..\src\kernel\Process.cpp" />
    <ClCompile Include="..\..\src\kernel\ProcessControlBlock.cpp" />
    <ClCompile Include="..\..\src\kernel\ProcessUtils.cpp" />
    <ClCompile Include="..\..\src\kernel\SleepListener.cpp" />
    <ClCompile Include="..\..\src\kernel\Synchronization.cpp" />
    <ClCompile Include="..\..\src\kernel\PipeUtils.cpp" />
    <ClCompile Include="..\..\src\kernel\IOHandle.cpp" />
    <ClCompile Include="..\..\src\kernel\FileHandle.cpp" />
    <ClInclude Include="..\..\src\kernel\VGAHandle.h" />
  </ItemGroup>
  <ItemGroup>
    <ClInclude Include="..\..\src\api\api.h" />
    <ClInclude Include="..\..\src\api\hal.h" />
    <ClInclude Include="..\..\src\kernel\dir.h" />
    <ClInclude Include="..\..\src\kernel\filesystems.h" />
    <ClInclude Include="..\..\src\kernel\handles.h" />
    <ClInclude Include="..\..\src\kernel\io.h" />
    <ClInclude Include="..\..\src\kernel\kernel.h" />
    <ClInclude Include="..\..\src\kernel\vfs.h" />
    <ClInclude Include="..\..\src\kernel\fat12fs.h" />
    <ClInclude Include="..\..\src\kernel\fsutils.h" />
    <ClInclude Include="..\..\src\kernel\Process.h" />
    <ClInclude Include="..\..\src\kernel\ProcessControlBlock.h" />
    <ClInclude Include="..\..\src\kernel\ProcessUtils.h" />
    <ClInclude Include="..\..\src\kernel\SleepListener.h" />
    <ClInclude Include="..\..\src\kernel\Synchronization.h" />
    <ClInclude Include="..\..\src\kernel\PipeUtils.h" />
    <ClInclude Include="..\..\src\kernel\IOHandle.h" />
    <ClInclude Include="..\..\src\kernel\Thread.h" />
    <ClInclude Include="..\..\src\kernel\VGAHandle.h" />
    <ClCompile Include="..\..\src\kernel\FileHandle.h" />
  </ItemGroup>
</Project>